
Microsoft Visual Studio Solution File, Format Version 12.00
# Visual Studio 15
VisualStudioVersion = 15.0.26730.10
MinimumVisualStudioVersion = 10.0.40219.1
Project("{2150E333-8FDC-42A3-9474-1A3956D46DE8}") = "Solution Items", "Solution Items", "{83AA1ADC-1EFB-4FA8-B64B-BC664FDFFB58}"
EndProject
Project("{9A19103F-16F7-4668-BE54-9A1E7A4F7556}") = "SpartanClashCore", "SpartanClashCore.csproj", "{37A2AC9F-160B-4D4A-92FB-8791A0C00EDE}"
EndProject
Global
	GlobalSection(SolutionConfigurationPlatforms) = preSolution
		Debug|Any CPU = Debug|Any CPU
		Release|Any CPU = Release|Any CPU
	EndGlobalSection
	GlobalSection(ProjectConfigurationPlatforms) = postSolution
		{37A2AC9F-160B-4D4A-92FB-8791A0C00EDE}.Debug|Any CPU.ActiveCfg = Debug|Any CPU
		{37A2AC9F-160B-4D4A-92FB-8791A0C00EDE}.Debug|Any CPU.Build.0 = Debug|Any CPU
		{37A2AC9F-160B-4D4A-92FB-8791A0C00EDE}.Release|Any CPU.ActiveCfg = Release|Any CPU
		{37A2AC9F-160B-4D4A-92FB-8791A0C00EDE}.Release|Any CPU.Build.0 = Release|Any CPU
	EndGlobalSection
	GlobalSection(SolutionProperties) = preSolution
		HideSolutionNode = FALSE
	EndGlobalSection
	GlobalSection(NestedProjects) = preSolution
		{37A2AC9F-160B-4D4A-92FB-8791A0C00EDE} = {83AA1ADC-1EFB-4FA8-B64B-BC664FDFFB58}
	EndGlobalSection
	GlobalSection(ExtensibilityGlobals) = postSolution
		SolutionGuid = {B2B05ADD-C492-4368-B8C8-4578367A5EB4}
	EndGlobalSection
EndGlobal
