
Microsoft Visual Studio Solution File, Format Version 12.00
# Visual Studio 15
VisualStudioVersion = 15.0.26730.8
MinimumVisualStudioVersion = 10.0.40219.1
Project("{2150E333-8FDC-42A3-9474-1A3956D46DE8}") = "Solution Items", "Solution Items", "{83AA1ADC-1EFB-4FA8-B64B-BC664FDFFB58}"
EndProject
Project("{FAE04EC0-301F-11D3-BF4B-00C04F79EFBC}") = "SpartanClash", "SpartanClash\SpartanClash.csproj", "{1AE26909-04EA-480C-B5D9-A02472FCBF4B}"
EndProject
Global
	GlobalSection(SolutionConfigurationPlatforms) = preSolution
		Debug|Any CPU = Debug|Any CPU
		Release|Any CPU = Release|Any CPU
	EndGlobalSection
	GlobalSection(ProjectConfigurationPlatforms) = postSolution
		{1AE26909-04EA-480C-B5D9-A02472FCBF4B}.Debug|Any CPU.ActiveCfg = Debug|Any CPU
		{1AE26909-04EA-480C-B5D9-A02472FCBF4B}.Debug|Any CPU.Build.0 = Debug|Any CPU
		{1AE26909-04EA-480C-B5D9-A02472FCBF4B}.Release|Any CPU.ActiveCfg = Release|Any CPU
		{1AE26909-04EA-480C-B5D9-A02472FCBF4B}.Release|Any CPU.Build.0 = Release|Any CPU
	EndGlobalSection
	GlobalSection(SolutionProperties) = preSolution
		HideSolutionNode = FALSE
	EndGlobalSection
	GlobalSection(ExtensibilityGlobals) = postSolution
		SolutionGuid = {B2B05ADD-C492-4368-B8C8-4578367A5EB4}
	EndGlobalSection
EndGlobal
