
Microsoft Visual Studio Solution File, Format Version 12.00
# Visual Studio 15
VisualStudioVersion = 15.0.26730.8
MinimumVisualStudioVersion = 10.0.40219.1
Project("{FAE04EC0-301F-11D3-BF4B-00C04F79EFBC}") = "SpartanClash", "SpartanClash\SpartanClash.csproj", "{AD015BE3-5D3E-4C3F-87FA-D19745AA6F34}"
EndProject
Global
	GlobalSection(SolutionConfigurationPlatforms) = preSolution
		Debug|Any CPU = Debug|Any CPU
		Release|Any CPU = Release|Any CPU
	EndGlobalSection
	GlobalSection(ProjectConfigurationPlatforms) = postSolution
		{AD015BE3-5D3E-4C3F-87FA-D19745AA6F34}.Debug|Any CPU.ActiveCfg = Debug|Any CPU
		{AD015BE3-5D3E-4C3F-87FA-D19745AA6F34}.Debug|Any CPU.Build.0 = Debug|Any CPU
		{AD015BE3-5D3E-4C3F-87FA-D19745AA6F34}.Release|Any CPU.ActiveCfg = Release|Any CPU
		{AD015BE3-5D3E-4C3F-87FA-D19745AA6F34}.Release|Any CPU.Build.0 = Release|Any CPU
	EndGlobalSection
	GlobalSection(SolutionProperties) = preSolution
		HideSolutionNode = FALSE
	EndGlobalSection
	GlobalSection(ExtensibilityGlobals) = postSolution
		SolutionGuid = {A24DD196-AF73-4023-A431-1A3A01723AA6}
	EndGlobalSection
EndGlobal
